
Microsoft Visual Studio Solution File, Format Version 12.00
# Visual Studio Version 16
VisualStudioVersion = 16.0.28407.52
MinimumVisualStudioVersion = 10.0.40219.1
Project("{9A19103F-16F7-4668-BE54-9A1E7A4F7556}") = "ScriptTool", "ScriptTool\ScriptTool.csproj", "{29AB41A8-6405-4C4B-A374-BF1BD7AF1A27}"
EndProject
Project("{9A19103F-16F7-4668-BE54-9A1E7A4F7556}") = "SymbolTableBuilder", "SymbolTableBuilder\SymbolTableBuilder.csproj", "{2E0E2F98-4EB7-48C7-968D-1BEDCADA37F2}"
EndProject
Project("{9A19103F-16F7-4668-BE54-9A1E7A4F7556}") = "ScriptToolGui", "ScriptToolGui\ScriptToolGui.csproj", "{BAE5CBBF-D0B3-4F82-A80A-957CEC379238}"
EndProject
Global
	GlobalSection(SolutionConfigurationPlatforms) = preSolution
		Debug|Any CPU = Debug|Any CPU
		Release|Any CPU = Release|Any CPU
	EndGlobalSection
	GlobalSection(ProjectConfigurationPlatforms) = postSolution
		{29AB41A8-6405-4C4B-A374-BF1BD7AF1A27}.Debug|Any CPU.ActiveCfg = Debug|Any CPU
		{29AB41A8-6405-4C4B-A374-BF1BD7AF1A27}.Debug|Any CPU.Build.0 = Debug|Any CPU
		{29AB41A8-6405-4C4B-A374-BF1BD7AF1A27}.Release|Any CPU.ActiveCfg = Release|Any CPU
		{29AB41A8-6405-4C4B-A374-BF1BD7AF1A27}.Release|Any CPU.Build.0 = Release|Any CPU
		{2E0E2F98-4EB7-48C7-968D-1BEDCADA37F2}.Debug|Any CPU.ActiveCfg = Debug|Any CPU
		{2E0E2F98-4EB7-48C7-968D-1BEDCADA37F2}.Debug|Any CPU.Build.0 = Debug|Any CPU
		{2E0E2F98-4EB7-48C7-968D-1BEDCADA37F2}.Release|Any CPU.ActiveCfg = Release|Any CPU
		{2E0E2F98-4EB7-48C7-968D-1BEDCADA37F2}.Release|Any CPU.Build.0 = Release|Any CPU
		{BAE5CBBF-D0B3-4F82-A80A-957CEC379238}.Debug|Any CPU.ActiveCfg = Debug|Any CPU
		{BAE5CBBF-D0B3-4F82-A80A-957CEC379238}.Debug|Any CPU.Build.0 = Debug|Any CPU
		{BAE5CBBF-D0B3-4F82-A80A-957CEC379238}.Release|Any CPU.ActiveCfg = Release|Any CPU
		{BAE5CBBF-D0B3-4F82-A80A-957CEC379238}.Release|Any CPU.Build.0 = Release|Any CPU
	EndGlobalSection
	GlobalSection(SolutionProperties) = preSolution
		HideSolutionNode = FALSE
	EndGlobalSection
	GlobalSection(ExtensibilityGlobals) = postSolution
		SolutionGuid = {F18C3A5C-4E09-4F69-8D46-3B39B431C382}
	EndGlobalSection
EndGlobal
